// !$*UTF8*$!
{
	archiveVersion = 1;
	classes = {
	};
	objectVersion = 50;
	objects = {

/* Begin PBXBuildFile section */
		4E1F167D249CA43D00A69CA5 /* KnobView.swift in Sources */ = {isa = PBXBuildFile; fileRef = 4E1F167C249CA43D00A69CA5 /* KnobView.swift */; };
		4E3D8E3F249806E200967D53 /* LoadingView.swift in Sources */ = {isa = PBXBuildFile; fileRef = 4E3D8E3E249806E200967D53 /* LoadingView.swift */; };
		4E3D8E412498147400967D53 /* XCTest+Convenience.swift in Sources */ = {isa = PBXBuildFile; fileRef = 4E3D8E402498147400967D53 /* XCTest+Convenience.swift */; };
		4E4A82562494DF360021E7E5 /* AppDelegate.swift in Sources */ = {isa = PBXBuildFile; fileRef = 4E4A82552494DF360021E7E5 /* AppDelegate.swift */; };
		4E4A82582494DF360021E7E5 /* SceneDelegate.swift in Sources */ = {isa = PBXBuildFile; fileRef = 4E4A82572494DF360021E7E5 /* SceneDelegate.swift */; };
		4E4A825A2494DF360021E7E5 /* ContentView.swift in Sources */ = {isa = PBXBuildFile; fileRef = 4E4A82592494DF360021E7E5 /* ContentView.swift */; };
		4E4A825C2494DF370021E7E5 /* Assets.xcassets in Resources */ = {isa = PBXBuildFile; fileRef = 4E4A825B2494DF370021E7E5 /* Assets.xcassets */; };
		4E4A825F2494DF370021E7E5 /* Preview Assets.xcassets in Resources */ = {isa = PBXBuildFile; fileRef = 4E4A825E2494DF370021E7E5 /* Preview Assets.xcassets */; };
		4E4A82622494DF370021E7E5 /* LaunchScreen.storyboard in Resources */ = {isa = PBXBuildFile; fileRef = 4E4A82602494DF370021E7E5 /* LaunchScreen.storyboard */; };
		4E4A826D2494DF380021E7E5 /* RemoteTests.swift in Sources */ = {isa = PBXBuildFile; fileRef = 4E4A826C2494DF380021E7E5 /* RemoteTests.swift */; };
		4E4A82782494DF380021E7E5 /* Thinking_in_SwiftUIUITests.swift in Sources */ = {isa = PBXBuildFile; fileRef = 4E4A82772494DF380021E7E5 /* Thinking_in_SwiftUIUITests.swift */; };
		4E4A8288249571EF0021E7E5 /* PhotosList.swift in Sources */ = {isa = PBXBuildFile; fileRef = 4E4A8287249571EF0021E7E5 /* PhotosList.swift */; };
		4E4A828C249573D10021E7E5 /* Photo.swift in Sources */ = {isa = PBXBuildFile; fileRef = 4E4A828B249573D10021E7E5 /* Photo.swift */; };
		4E4A828E24964EAD0021E7E5 /* Publisher+Testing.swift in Sources */ = {isa = PBXBuildFile; fileRef = 4E4A828D24964EAD0021E7E5 /* Publisher+Testing.swift */; };
		4E4A8290249651FF0021E7E5 /* Remote.swift in Sources */ = {isa = PBXBuildFile; fileRef = 4E4A828F249651FF0021E7E5 /* Remote.swift */; };
		4E4A829224965DD90021E7E5 /* Result+Convenience.swift in Sources */ = {isa = PBXBuildFile; fileRef = 4E4A829124965DD90021E7E5 /* Result+Convenience.swift */; };
		4E4A829424966A650021E7E5 /* World.swift in Sources */ = {isa = PBXBuildFile; fileRef = 4E4A829324966A650021E7E5 /* World.swift */; };
		4E65CEBA249974C300ACDD79 /* ResultConvenienceTests.swift in Sources */ = {isa = PBXBuildFile; fileRef = 4E65CEB9249974C300ACDD79 /* ResultConvenienceTests.swift */; };
		4E74D0CB2496969000B8A8E3 /* PhotoDetailView.swift in Sources */ = {isa = PBXBuildFile; fileRef = 4E74D0CA2496969000B8A8E3 /* PhotoDetailView.swift */; };
/* End PBXBuildFile section */

/* Begin PBXContainerItemProxy section */
		4E4A82692494DF380021E7E5 /* PBXContainerItemProxy */ = {
			isa = PBXContainerItemProxy;
			containerPortal = 4E4A824A2494DF360021E7E5 /* Project object */;
			proxyType = 1;
			remoteGlobalIDString = 4E4A82512494DF360021E7E5;
			remoteInfo = "Thinking in SwiftUI";
		};
		4E4A82742494DF380021E7E5 /* PBXContainerItemProxy */ = {
			isa = PBXContainerItemProxy;
			containerPortal = 4E4A824A2494DF360021E7E5 /* Project object */;
			proxyType = 1;
			remoteGlobalIDString = 4E4A82512494DF360021E7E5;
			remoteInfo = "Thinking in SwiftUI";
		};
/* End PBXContainerItemProxy section */

/* Begin PBXFileReference section */
		4E1F167C249CA43D00A69CA5 /* KnobView.swift */ = {isa = PBXFileReference; lastKnownFileType = sourcecode.swift; path = KnobView.swift; sourceTree = "<group>"; };
		4E3D8E3E249806E200967D53 /* LoadingView.swift */ = {isa = PBXFileReference; lastKnownFileType = sourcecode.swift; path = LoadingView.swift; sourceTree = "<group>"; };
		4E3D8E402498147400967D53 /* XCTest+Convenience.swift */ = {isa = PBXFileReference; lastKnownFileType = sourcecode.swift; path = "XCTest+Convenience.swift"; sourceTree = "<group>"; };
		4E4A82522494DF360021E7E5 /* Thinking in SwiftUI.app */ = {isa = PBXFileReference; explicitFileType = wrapper.application; includeInIndex = 0; path = "Thinking in SwiftUI.app"; sourceTree = BUILT_PRODUCTS_DIR; };
		4E4A82552494DF360021E7E5 /* AppDelegate.swift */ = {isa = PBXFileReference; lastKnownFileType = sourcecode.swift; path = AppDelegate.swift; sourceTree = "<group>"; };
		4E4A82572494DF360021E7E5 /* SceneDelegate.swift */ = {isa = PBXFileReference; lastKnownFileType = sourcecode.swift; path = SceneDelegate.swift; sourceTree = "<group>"; };
		4E4A82592494DF360021E7E5 /* ContentView.swift */ = {isa = PBXFileReference; lastKnownFileType = sourcecode.swift; path = ContentView.swift; sourceTree = "<group>"; };
		4E4A825B2494DF370021E7E5 /* Assets.xcassets */ = {isa = PBXFileReference; lastKnownFileType = folder.assetcatalog; path = Assets.xcassets; sourceTree = "<group>"; };
		4E4A825E2494DF370021E7E5 /* Preview Assets.xcassets */ = {isa = PBXFileReference; lastKnownFileType = folder.assetcatalog; path = "Preview Assets.xcassets"; sourceTree = "<group>"; };
		4E4A82612494DF370021E7E5 /* Base */ = {isa = PBXFileReference; lastKnownFileType = file.storyboard; name = Base; path = Base.lproj/LaunchScreen.storyboard; sourceTree = "<group>"; };
		4E4A82632494DF370021E7E5 /* Info.plist */ = {isa = PBXFileReference; lastKnownFileType = text.plist.xml; path = Info.plist; sourceTree = "<group>"; };
		4E4A82682494DF380021E7E5 /* Thinking in SwiftUITests.xctest */ = {isa = PBXFileReference; explicitFileType = wrapper.cfbundle; includeInIndex = 0; path = "Thinking in SwiftUITests.xctest"; sourceTree = BUILT_PRODUCTS_DIR; };
		4E4A826C2494DF380021E7E5 /* RemoteTests.swift */ = {isa = PBXFileReference; lastKnownFileType = sourcecode.swift; path = RemoteTests.swift; sourceTree = "<group>"; };
		4E4A826E2494DF380021E7E5 /* Info.plist */ = {isa = PBXFileReference; lastKnownFileType = text.plist.xml; path = Info.plist; sourceTree = "<group>"; };
		4E4A82732494DF380021E7E5 /* Thinking in SwiftUIUITests.xctest */ = {isa = PBXFileReference; explicitFileType = wrapper.cfbundle; includeInIndex = 0; path = "Thinking in SwiftUIUITests.xctest"; sourceTree = BUILT_PRODUCTS_DIR; };
		4E4A82772494DF380021E7E5 /* Thinking_in_SwiftUIUITests.swift */ = {isa = PBXFileReference; lastKnownFileType = sourcecode.swift; path = Thinking_in_SwiftUIUITests.swift; sourceTree = "<group>"; };
		4E4A82792494DF380021E7E5 /* Info.plist */ = {isa = PBXFileReference; lastKnownFileType = text.plist.xml; path = Info.plist; sourceTree = "<group>"; };
		4E4A8287249571EF0021E7E5 /* PhotosList.swift */ = {isa = PBXFileReference; lastKnownFileType = sourcecode.swift; path = PhotosList.swift; sourceTree = "<group>"; };
		4E4A828B249573D10021E7E5 /* Photo.swift */ = {isa = PBXFileReference; lastKnownFileType = sourcecode.swift; path = Photo.swift; sourceTree = "<group>"; };
		4E4A828D24964EAD0021E7E5 /* Publisher+Testing.swift */ = {isa = PBXFileReference; lastKnownFileType = sourcecode.swift; path = "Publisher+Testing.swift"; sourceTree = "<group>"; };
		4E4A828F249651FF0021E7E5 /* Remote.swift */ = {isa = PBXFileReference; lastKnownFileType = sourcecode.swift; path = Remote.swift; sourceTree = "<group>"; };
		4E4A829124965DD90021E7E5 /* Result+Convenience.swift */ = {isa = PBXFileReference; lastKnownFileType = sourcecode.swift; path = "Result+Convenience.swift"; sourceTree = "<group>"; };
		4E4A829324966A650021E7E5 /* World.swift */ = {isa = PBXFileReference; lastKnownFileType = sourcecode.swift; path = World.swift; sourceTree = "<group>"; };
		4E65CEB9249974C300ACDD79 /* ResultConvenienceTests.swift */ = {isa = PBXFileReference; lastKnownFileType = sourcecode.swift; path = ResultConvenienceTests.swift; sourceTree = "<group>"; };
		4E74D0CA2496969000B8A8E3 /* PhotoDetailView.swift */ = {isa = PBXFileReference; lastKnownFileType = sourcecode.swift; path = PhotoDetailView.swift; sourceTree = "<group>"; };
/* End PBXFileReference section */

/* Begin PBXFrameworksBuildPhase section */
		4E4A824F2494DF360021E7E5 /* Frameworks */ = {
			isa = PBXFrameworksBuildPhase;
			buildActionMask = 2147483647;
			files = (
			);
			runOnlyForDeploymentPostprocessing = 0;
		};
		4E4A82652494DF380021E7E5 /* Frameworks */ = {
			isa = PBXFrameworksBuildPhase;
			buildActionMask = 2147483647;
			files = (
			);
			runOnlyForDeploymentPostprocessing = 0;
		};
		4E4A82702494DF380021E7E5 /* Frameworks */ = {
			isa = PBXFrameworksBuildPhase;
			buildActionMask = 2147483647;
			files = (
			);
			runOnlyForDeploymentPostprocessing = 0;
		};
/* End PBXFrameworksBuildPhase section */

/* Begin PBXGroup section */
		4E1F167B249CA41000A69CA5 /* Exercise 2 */ = {
			isa = PBXGroup;
			children = (
				4E1F167C249CA43D00A69CA5 /* KnobView.swift */,
			);
			path = "Exercise 2";
			sourceTree = "<group>";
		};
		4E4A82492494DF360021E7E5 = {
			isa = PBXGroup;
			children = (
				4E4A82542494DF360021E7E5 /* Thinking in SwiftUI */,
				4E4A826B2494DF380021E7E5 /* Thinking in SwiftUITests */,
				4E4A82762494DF380021E7E5 /* Thinking in SwiftUIUITests */,
				4E4A82532494DF360021E7E5 /* Products */,
			);
			sourceTree = "<group>";
		};
		4E4A82532494DF360021E7E5 /* Products */ = {
			isa = PBXGroup;
			children = (
				4E4A82522494DF360021E7E5 /* Thinking in SwiftUI.app */,
				4E4A82682494DF380021E7E5 /* Thinking in SwiftUITests.xctest */,
				4E4A82732494DF380021E7E5 /* Thinking in SwiftUIUITests.xctest */,
			);
			name = Products;
			sourceTree = "<group>";
		};
		4E4A82542494DF360021E7E5 /* Thinking in SwiftUI */ = {
			isa = PBXGroup;
			children = (
				4E4A82632494DF370021E7E5 /* Info.plist */,
				4E4A82552494DF360021E7E5 /* AppDelegate.swift */,
				4E4A82592494DF360021E7E5 /* ContentView.swift */,
				4E4A82572494DF360021E7E5 /* SceneDelegate.swift */,
				4E4A829324966A650021E7E5 /* World.swift */,
				4E4A825B2494DF370021E7E5 /* Assets.xcassets */,
				4E4A82602494DF370021E7E5 /* LaunchScreen.storyboard */,
				4E4A82862495718A0021E7E5 /* Exercise1 */,
				4E1F167B249CA41000A69CA5 /* Exercise 2 */,
				4E4A825D2494DF370021E7E5 /* Preview Content */,
			);
			path = "Thinking in SwiftUI";
			sourceTree = "<group>";
		};
		4E4A825D2494DF370021E7E5 /* Preview Content */ = {
			isa = PBXGroup;
			children = (
				4E4A825E2494DF370021E7E5 /* Preview Assets.xcassets */,
			);
			path = "Preview Content";
			sourceTree = "<group>";
		};
		4E4A826B2494DF380021E7E5 /* Thinking in SwiftUITests */ = {
			isa = PBXGroup;
			children = (
				4E4A826C2494DF380021E7E5 /* RemoteTests.swift */,
				4E65CEB9249974C300ACDD79 /* ResultConvenienceTests.swift */,
				4E3D8E402498147400967D53 /* XCTest+Convenience.swift */,
				4E4A828D24964EAD0021E7E5 /* Publisher+Testing.swift */,
				4E4A826E2494DF380021E7E5 /* Info.plist */,
			);
			path = "Thinking in SwiftUITests";
			sourceTree = "<group>";
		};
		4E4A82762494DF380021E7E5 /* Thinking in SwiftUIUITests */ = {
			isa = PBXGroup;
			children = (
				4E4A82772494DF380021E7E5 /* Thinking_in_SwiftUIUITests.swift */,
				4E4A82792494DF380021E7E5 /* Info.plist */,
			);
			path = "Thinking in SwiftUIUITests";
			sourceTree = "<group>";
		};
		4E4A82862495718A0021E7E5 /* Exercise1 */ = {
			isa = PBXGroup;
			children = (
				4E3D8E3E249806E200967D53 /* LoadingView.swift */,
				4E4A828B249573D10021E7E5 /* Photo.swift */,
				4E74D0CA2496969000B8A8E3 /* PhotoDetailView.swift */,
				4E4A8287249571EF0021E7E5 /* PhotosList.swift */,
				4E4A828F249651FF0021E7E5 /* Remote.swift */,
				4E4A829124965DD90021E7E5 /* Result+Convenience.swift */,
			);
			path = Exercise1;
			sourceTree = "<group>";
		};
/* End PBXGroup section */

/* Begin PBXNativeTarget section */
		4E4A82512494DF360021E7E5 /* Thinking in SwiftUI */ = {
			isa = PBXNativeTarget;
			buildConfigurationList = 4E4A827C2494DF380021E7E5 /* Build configuration list for PBXNativeTarget "Thinking in SwiftUI" */;
			buildPhases = (
				4E4A824E2494DF360021E7E5 /* Sources */,
				4E4A824F2494DF360021E7E5 /* Frameworks */,
				4E4A82502494DF360021E7E5 /* Resources */,
			);
			buildRules = (
			);
			dependencies = (
			);
			name = "Thinking in SwiftUI";
			productName = "Thinking in SwiftUI";
			productReference = 4E4A82522494DF360021E7E5 /* Thinking in SwiftUI.app */;
			productType = "com.apple.product-type.application";
		};
		4E4A82672494DF380021E7E5 /* Thinking in SwiftUITests */ = {
			isa = PBXNativeTarget;
			buildConfigurationList = 4E4A827F2494DF380021E7E5 /* Build configuration list for PBXNativeTarget "Thinking in SwiftUITests" */;
			buildPhases = (
				4E4A82642494DF380021E7E5 /* Sources */,
				4E4A82652494DF380021E7E5 /* Frameworks */,
				4E4A82662494DF380021E7E5 /* Resources */,
			);
			buildRules = (
			);
			dependencies = (
				4E4A826A2494DF380021E7E5 /* PBXTargetDependency */,
			);
			name = "Thinking in SwiftUITests";
			productName = "Thinking in SwiftUITests";
			productReference = 4E4A82682494DF380021E7E5 /* Thinking in SwiftUITests.xctest */;
			productType = "com.apple.product-type.bundle.unit-test";
		};
		4E4A82722494DF380021E7E5 /* Thinking in SwiftUIUITests */ = {
			isa = PBXNativeTarget;
			buildConfigurationList = 4E4A82822494DF380021E7E5 /* Build configuration list for PBXNativeTarget "Thinking in SwiftUIUITests" */;
			buildPhases = (
				4E4A826F2494DF380021E7E5 /* Sources */,
				4E4A82702494DF380021E7E5 /* Frameworks */,
				4E4A82712494DF380021E7E5 /* Resources */,
			);
			buildRules = (
			);
			dependencies = (
				4E4A82752494DF380021E7E5 /* PBXTargetDependency */,
			);
			name = "Thinking in SwiftUIUITests";
			productName = "Thinking in SwiftUIUITests";
			productReference = 4E4A82732494DF380021E7E5 /* Thinking in SwiftUIUITests.xctest */;
			productType = "com.apple.product-type.bundle.ui-testing";
		};
/* End PBXNativeTarget section */

/* Begin PBXProject section */
		4E4A824A2494DF360021E7E5 /* Project object */ = {
			isa = PBXProject;
			attributes = {
				LastSwiftUpdateCheck = 1150;
				LastUpgradeCheck = 1150;
				ORGANIZATIONNAME = "Xaver Lohmüller";
				TargetAttributes = {
					4E4A82512494DF360021E7E5 = {
						CreatedOnToolsVersion = 11.5;
					};
					4E4A82672494DF380021E7E5 = {
						CreatedOnToolsVersion = 11.5;
						TestTargetID = 4E4A82512494DF360021E7E5;
					};
					4E4A82722494DF380021E7E5 = {
						CreatedOnToolsVersion = 11.5;
						TestTargetID = 4E4A82512494DF360021E7E5;
					};
				};
			};
			buildConfigurationList = 4E4A824D2494DF360021E7E5 /* Build configuration list for PBXProject "Thinking in SwiftUI" */;
			compatibilityVersion = "Xcode 9.3";
			developmentRegion = en;
			hasScannedForEncodings = 0;
			knownRegions = (
				en,
				Base,
			);
			mainGroup = 4E4A82492494DF360021E7E5;
			productRefGroup = 4E4A82532494DF360021E7E5 /* Products */;
			projectDirPath = "";
			projectRoot = "";
			targets = (
				4E4A82512494DF360021E7E5 /* Thinking in SwiftUI */,
				4E4A82672494DF380021E7E5 /* Thinking in SwiftUITests */,
				4E4A82722494DF380021E7E5 /* Thinking in SwiftUIUITests */,
			);
		};
/* End PBXProject section */

/* Begin PBXResourcesBuildPhase section */
		4E4A82502494DF360021E7E5 /* Resources */ = {
			isa = PBXResourcesBuildPhase;
			buildActionMask = 2147483647;
			files = (
				4E4A82622494DF370021E7E5 /* LaunchScreen.storyboard in Resources */,
				4E4A825F2494DF370021E7E5 /* Preview Assets.xcassets in Resources */,
				4E4A825C2494DF370021E7E5 /* Assets.xcassets in Resources */,
			);
			runOnlyForDeploymentPostprocessing = 0;
		};
		4E4A82662494DF380021E7E5 /* Resources */ = {
			isa = PBXResourcesBuildPhase;
			buildActionMask = 2147483647;
			files = (
			);
			runOnlyForDeploymentPostprocessing = 0;
		};
		4E4A82712494DF380021E7E5 /* Resources */ = {
			isa = PBXResourcesBuildPhase;
			buildActionMask = 2147483647;
			files = (
			);
			runOnlyForDeploymentPostprocessing = 0;
		};
/* End PBXResourcesBuildPhase section */

/* Begin PBXSourcesBuildPhase section */
		4E4A824E2494DF360021E7E5 /* Sources */ = {
			isa = PBXSourcesBuildPhase;
			buildActionMask = 2147483647;
			files = (
				4E4A829424966A650021E7E5 /* World.swift in Sources */,
				4E1F167D249CA43D00A69CA5 /* KnobView.swift in Sources */,
				4E4A828C249573D10021E7E5 /* Photo.swift in Sources */,
				4E4A8288249571EF0021E7E5 /* PhotosList.swift in Sources */,
				4E3D8E3F249806E200967D53 /* LoadingView.swift in Sources */,
				4E4A829224965DD90021E7E5 /* Result+Convenience.swift in Sources */,
				4E4A82562494DF360021E7E5 /* AppDelegate.swift in Sources */,
				4E4A8290249651FF0021E7E5 /* Remote.swift in Sources */,
				4E4A82582494DF360021E7E5 /* SceneDelegate.swift in Sources */,
				4E4A825A2494DF360021E7E5 /* ContentView.swift in Sources */,
				4E74D0CB2496969000B8A8E3 /* PhotoDetailView.swift in Sources */,
			);
			runOnlyForDeploymentPostprocessing = 0;
		};
		4E4A82642494DF380021E7E5 /* Sources */ = {
			isa = PBXSourcesBuildPhase;
			buildActionMask = 2147483647;
			files = (
				4E4A826D2494DF380021E7E5 /* RemoteTests.swift in Sources */,
				4E3D8E412498147400967D53 /* XCTest+Convenience.swift in Sources */,
				4E65CEBA249974C300ACDD79 /* ResultConvenienceTests.swift in Sources */,
				4E4A828E24964EAD0021E7E5 /* Publisher+Testing.swift in Sources */,
			);
			runOnlyForDeploymentPostprocessing = 0;
		};
		4E4A826F2494DF380021E7E5 /* Sources */ = {
			isa = PBXSourcesBuildPhase;
			buildActionMask = 2147483647;
			files = (
				4E4A82782494DF380021E7E5 /* Thinking_in_SwiftUIUITests.swift in Sources */,
			);
			runOnlyForDeploymentPostprocessing = 0;
		};
/* End PBXSourcesBuildPhase section */

/* Begin PBXTargetDependency section */
		4E4A826A2494DF380021E7E5 /* PBXTargetDependency */ = {
			isa = PBXTargetDependency;
			target = 4E4A82512494DF360021E7E5 /* Thinking in SwiftUI */;
			targetProxy = 4E4A82692494DF380021E7E5 /* PBXContainerItemProxy */;
		};
		4E4A82752494DF380021E7E5 /* PBXTargetDependency */ = {
			isa = PBXTargetDependency;
			target = 4E4A82512494DF360021E7E5 /* Thinking in SwiftUI */;
			targetProxy = 4E4A82742494DF380021E7E5 /* PBXContainerItemProxy */;
		};
/* End PBXTargetDependency section */

/* Begin PBXVariantGroup section */
		4E4A82602494DF370021E7E5 /* LaunchScreen.storyboard */ = {
			isa = PBXVariantGroup;
			children = (
				4E4A82612494DF370021E7E5 /* Base */,
			);
			name = LaunchScreen.storyboard;
			sourceTree = "<group>";
		};
/* End PBXVariantGroup section */

/* Begin XCBuildConfiguration section */
		4E4A827A2494DF380021E7E5 /* Debug */ = {
			isa = XCBuildConfiguration;
			buildSettings = {
				ALWAYS_SEARCH_USER_PATHS = NO;
				CLANG_ANALYZER_NONNULL = YES;
				CLANG_ANALYZER_NUMBER_OBJECT_CONVERSION = YES_AGGRESSIVE;
				CLANG_CXX_LANGUAGE_STANDARD = "gnu++14";
				CLANG_CXX_LIBRARY = "libc++";
				CLANG_ENABLE_MODULES = YES;
				CLANG_ENABLE_OBJC_ARC = YES;
				CLANG_ENABLE_OBJC_WEAK = YES;
				CLANG_WARN_BLOCK_CAPTURE_AUTORELEASING = YES;
				CLANG_WARN_BOOL_CONVERSION = YES;
				CLANG_WARN_COMMA = YES;
				CLANG_WARN_CONSTANT_CONVERSION = YES;
				CLANG_WARN_DEPRECATED_OBJC_IMPLEMENTATIONS = YES;
				CLANG_WARN_DIRECT_OBJC_ISA_USAGE = YES_ERROR;
				CLANG_WARN_DOCUMENTATION_COMMENTS = YES;
				CLANG_WARN_EMPTY_BODY = YES;
				CLANG_WARN_ENUM_CONVERSION = YES;
				CLANG_WARN_INFINITE_RECURSION = YES;
				CLANG_WARN_INT_CONVERSION = YES;
				CLANG_WARN_NON_LITERAL_NULL_CONVERSION = YES;
				CLANG_WARN_OBJC_IMPLICIT_RETAIN_SELF = YES;
				CLANG_WARN_OBJC_LITERAL_CONVERSION = YES;
				CLANG_WARN_OBJC_ROOT_CLASS = YES_ERROR;
				CLANG_WARN_RANGE_LOOP_ANALYSIS = YES;
				CLANG_WARN_STRICT_PROTOTYPES = YES;
				CLANG_WARN_SUSPICIOUS_MOVE = YES;
				CLANG_WARN_UNGUARDED_AVAILABILITY = YES_AGGRESSIVE;
				CLANG_WARN_UNREACHABLE_CODE = YES;
				CLANG_WARN__DUPLICATE_METHOD_MATCH = YES;
				COPY_PHASE_STRIP = NO;
				DEBUG_INFORMATION_FORMAT = dwarf;
				ENABLE_STRICT_OBJC_MSGSEND = YES;
				ENABLE_TESTABILITY = YES;
				GCC_C_LANGUAGE_STANDARD = gnu11;
				GCC_DYNAMIC_NO_PIC = NO;
				GCC_NO_COMMON_BLOCKS = YES;
				GCC_OPTIMIZATION_LEVEL = 0;
				GCC_PREPROCESSOR_DEFINITIONS = (
					"DEBUG=1",
					"$(inherited)",
				);
				GCC_WARN_64_TO_32_BIT_CONVERSION = YES;
				GCC_WARN_ABOUT_RETURN_TYPE = YES_ERROR;
				GCC_WARN_UNDECLARED_SELECTOR = YES;
				GCC_WARN_UNINITIALIZED_AUTOS = YES_AGGRESSIVE;
				GCC_WARN_UNUSED_FUNCTION = YES;
				GCC_WARN_UNUSED_VARIABLE = YES;
				IPHONEOS_DEPLOYMENT_TARGET = 13.5;
				MTL_ENABLE_DEBUG_INFO = INCLUDE_SOURCE;
				MTL_FAST_MATH = YES;
				ONLY_ACTIVE_ARCH = YES;
				SDKROOT = iphoneos;
				SWIFT_ACTIVE_COMPILATION_CONDITIONS = DEBUG;
				SWIFT_OPTIMIZATION_LEVEL = "-Onone";
			};
			name = Debug;
		};
		4E4A827B2494DF380021E7E5 /* Release */ = {
			isa = XCBuildConfiguration;
			buildSettings = {
				ALWAYS_SEARCH_USER_PATHS = NO;
				CLANG_ANALYZER_NONNULL = YES;
				CLANG_ANALYZER_NUMBER_OBJECT_CONVERSION = YES_AGGRESSIVE;
				CLANG_CXX_LANGUAGE_STANDARD = "gnu++14";
				CLANG_CXX_LIBRARY = "libc++";
				CLANG_ENABLE_MODULES = YES;
				CLANG_ENABLE_OBJC_ARC = YES;
				CLANG_ENABLE_OBJC_WEAK = YES;
				CLANG_WARN_BLOCK_CAPTURE_AUTORELEASING = YES;
				CLANG_WARN_BOOL_CONVERSION = YES;
				CLANG_WARN_COMMA = YES;
				CLANG_WARN_CONSTANT_CONVERSION = YES;
				CLANG_WARN_DEPRECATED_OBJC_IMPLEMENTATIONS = YES;
				CLANG_WARN_DIRECT_OBJC_ISA_USAGE = YES_ERROR;
				CLANG_WARN_DOCUMENTATION_COMMENTS = YES;
				CLANG_WARN_EMPTY_BODY = YES;
				CLANG_WARN_ENUM_CONVERSION = YES;
				CLANG_WARN_INFINITE_RECURSION = YES;
				CLANG_WARN_INT_CONVERSION = YES;
				CLANG_WARN_NON_LITERAL_NULL_CONVERSION = YES;
				CLANG_WARN_OBJC_IMPLICIT_RETAIN_SELF = YES;
				CLANG_WARN_OBJC_LITERAL_CONVERSION = YES;
				CLANG_WARN_OBJC_ROOT_CLASS = YES_ERROR;
				CLANG_WARN_RANGE_LOOP_ANALYSIS = YES;
				CLANG_WARN_STRICT_PROTOTYPES = YES;
				CLANG_WARN_SUSPICIOUS_MOVE = YES;
				CLANG_WARN_UNGUARDED_AVAILABILITY = YES_AGGRESSIVE;
				CLANG_WARN_UNREACHABLE_CODE = YES;
				CLANG_WARN__DUPLICATE_METHOD_MATCH = YES;
				COPY_PHASE_STRIP = NO;
				DEBUG_INFORMATION_FORMAT = "dwarf-with-dsym";
				ENABLE_NS_ASSERTIONS = NO;
				ENABLE_STRICT_OBJC_MSGSEND = YES;
				GCC_C_LANGUAGE_STANDARD = gnu11;
				GCC_NO_COMMON_BLOCKS = YES;
				GCC_WARN_64_TO_32_BIT_CONVERSION = YES;
				GCC_WARN_ABOUT_RETURN_TYPE = YES_ERROR;
				GCC_WARN_UNDECLARED_SELECTOR = YES;
				GCC_WARN_UNINITIALIZED_AUTOS = YES_AGGRESSIVE;
				GCC_WARN_UNUSED_FUNCTION = YES;
				GCC_WARN_UNUSED_VARIABLE = YES;
				IPHONEOS_DEPLOYMENT_TARGET = 13.5;
				MTL_ENABLE_DEBUG_INFO = NO;
				MTL_FAST_MATH = YES;
				SDKROOT = iphoneos;
				SWIFT_COMPILATION_MODE = wholemodule;
				SWIFT_OPTIMIZATION_LEVEL = "-O";
				VALIDATE_PRODUCT = YES;
			};
			name = Release;
		};
		4E4A827D2494DF380021E7E5 /* Debug */ = {
			isa = XCBuildConfiguration;
			buildSettings = {
				ASSETCATALOG_COMPILER_APPICON_NAME = AppIcon;
				CODE_SIGN_STYLE = Automatic;
				DEVELOPMENT_ASSET_PATHS = "\"Thinking in SwiftUI/Preview Content\"";
				DEVELOPMENT_TEAM = 3CN9FMBCF4;
				ENABLE_PREVIEWS = YES;
				INFOPLIST_FILE = "Thinking in SwiftUI/Info.plist";
				LD_RUNPATH_SEARCH_PATHS = (
					"$(inherited)",
					"@executable_path/Frameworks",
				);
				PRODUCT_BUNDLE_IDENTIFIER = "com.example.Thinking-in-SwiftUI";
				PRODUCT_NAME = "$(TARGET_NAME)";
				SWIFT_VERSION = 5.0;
				TARGETED_DEVICE_FAMILY = "1,2";
			};
			name = Debug;
		};
		4E4A827E2494DF380021E7E5 /* Release */ = {
			isa = XCBuildConfiguration;
			buildSettings = {
				ASSETCATALOG_COMPILER_APPICON_NAME = AppIcon;
				CODE_SIGN_STYLE = Automatic;
				DEVELOPMENT_ASSET_PATHS = "\"Thinking in SwiftUI/Preview Content\"";
				DEVELOPMENT_TEAM = 3CN9FMBCF4;
				ENABLE_PREVIEWS = YES;
				INFOPLIST_FILE = "Thinking in SwiftUI/Info.plist";
				LD_RUNPATH_SEARCH_PATHS = (
					"$(inherited)",
					"@executable_path/Frameworks",
				);
				PRODUCT_BUNDLE_IDENTIFIER = "com.example.Thinking-in-SwiftUI";
				PRODUCT_NAME = "$(TARGET_NAME)";
				SWIFT_VERSION = 5.0;
				TARGETED_DEVICE_FAMILY = "1,2";
			};
			name = Release;
		};
		4E4A82802494DF380021E7E5 /* Debug */ = {
			isa = XCBuildConfiguration;
			buildSettings = {
				ALWAYS_EMBED_SWIFT_STANDARD_LIBRARIES = YES;
				BUNDLE_LOADER = "$(TEST_HOST)";
				CODE_SIGN_STYLE = Automatic;
				DEVELOPMENT_TEAM = 3CN9FMBCF4;
				INFOPLIST_FILE = "Thinking in SwiftUITests/Info.plist";
				IPHONEOS_DEPLOYMENT_TARGET = 13.5;
				LD_RUNPATH_SEARCH_PATHS = (
					"$(inherited)",
					"@executable_path/Frameworks",
					"@loader_path/Frameworks",
				);
				PRODUCT_BUNDLE_IDENTIFIER = "com.example.Thinking-in-SwiftUITests";
				PRODUCT_NAME = "$(TARGET_NAME)";
				SWIFT_VERSION = 5.0;
				TARGETED_DEVICE_FAMILY = "1,2";
				TEST_HOST = "$(BUILT_PRODUCTS_DIR)/Thinking in SwiftUI.app/Thinking in SwiftUI";
			};
			name = Debug;
		};
		4E4A82812494DF380021E7E5 /* Release */ = {
			isa = XCBuildConfiguration;
			buildSettings = {
				ALWAYS_EMBED_SWIFT_STANDARD_LIBRARIES = YES;
				BUNDLE_LOADER = "$(TEST_HOST)";
				CODE_SIGN_STYLE = Automatic;
				DEVELOPMENT_TEAM = 3CN9FMBCF4;
				INFOPLIST_FILE = "Thinking in SwiftUITests/Info.plist";
				IPHONEOS_DEPLOYMENT_TARGET = 13.5;
				LD_RUNPATH_SEARCH_PATHS = (
					"$(inherited)",
					"@executable_path/Frameworks",
					"@loader_path/Frameworks",
				);
				PRODUCT_BUNDLE_IDENTIFIER = "com.example.Thinking-in-SwiftUITests";
				PRODUCT_NAME = "$(TARGET_NAME)";
				SWIFT_VERSION = 5.0;
				TARGETED_DEVICE_FAMILY = "1,2";
				TEST_HOST = "$(BUILT_PRODUCTS_DIR)/Thinking in SwiftUI.app/Thinking in SwiftUI";
			};
			name = Release;
		};
		4E4A82832494DF380021E7E5 /* Debug */ = {
			isa = XCBuildConfiguration;
			buildSettings = {
				ALWAYS_EMBED_SWIFT_STANDARD_LIBRARIES = YES;
				CODE_SIGN_STYLE = Automatic;
				DEVELOPMENT_TEAM = 3CN9FMBCF4;
				INFOPLIST_FILE = "Thinking in SwiftUIUITests/Info.plist";
				LD_RUNPATH_SEARCH_PATHS = (
					"$(inherited)",
					"@executable_path/Frameworks",
					"@loader_path/Frameworks",
				);
				PRODUCT_BUNDLE_IDENTIFIER = "com.example.Thinking-in-SwiftUIUITests";
				PRODUCT_NAME = "$(TARGET_NAME)";
				SWIFT_VERSION = 5.0;
				TARGETED_DEVICE_FAMILY = "1,2";
				TEST_TARGET_NAME = "Thinking in SwiftUI";
			};
			name = Debug;
		};
		4E4A82842494DF380021E7E5 /* Release */ = {
			isa = XCBuildConfiguration;
			buildSettings = {
				ALWAYS_EMBED_SWIFT_STANDARD_LIBRARIES = YES;
				CODE_SIGN_STYLE = Automatic;
				DEVELOPMENT_TEAM = 3CN9FMBCF4;
				INFOPLIST_FILE = "Thinking in SwiftUIUITests/Info.plist";
				LD_RUNPATH_SEARCH_PATHS = (
					"$(inherited)",
					"@executable_path/Frameworks",
					"@loader_path/Frameworks",
				);
				PRODUCT_BUNDLE_IDENTIFIER = "com.example.Thinking-in-SwiftUIUITests";
				PRODUCT_NAME = "$(TARGET_NAME)";
				SWIFT_VERSION = 5.0;
				TARGETED_DEVICE_FAMILY = "1,2";
				TEST_TARGET_NAME = "Thinking in SwiftUI";
			};
			name = Release;
		};
/* End XCBuildConfiguration section */

/* Begin XCConfigurationList section */
		4E4A824D2494DF360021E7E5 /* Build configuration list for PBXProject "Thinking in SwiftUI" */ = {
			isa = XCConfigurationList;
			buildConfigurations = (
				4E4A827A2494DF380021E7E5 /* Debug */,
				4E4A827B2494DF380021E7E5 /* Release */,
			);
			defaultConfigurationIsVisible = 0;
			defaultConfigurationName = Release;
		};
		4E4A827C2494DF380021E7E5 /* Build configuration list for PBXNativeTarget "Thinking in SwiftUI" */ = {
			isa = XCConfigurationList;
			buildConfigurations = (
				4E4A827D2494DF380021E7E5 /* Debug */,
				4E4A827E2494DF380021E7E5 /* Release */,
			);
			defaultConfigurationIsVisible = 0;
			defaultConfigurationName = Release;
		};
		4E4A827F2494DF380021E7E5 /* Build configuration list for PBXNativeTarget "Thinking in SwiftUITests" */ = {
			isa = XCConfigurationList;
			buildConfigurations = (
				4E4A82802494DF380021E7E5 /* Debug */,
				4E4A82812494DF380021E7E5 /* Release */,
			);
			defaultConfigurationIsVisible = 0;
			defaultConfigurationName = Release;
		};
		4E4A82822494DF380021E7E5 /* Build configuration list for PBXNativeTarget "Thinking in SwiftUIUITests" */ = {
			isa = XCConfigurationList;
			buildConfigurations = (
				4E4A82832494DF380021E7E5 /* Debug */,
				4E4A82842494DF380021E7E5 /* Release */,
			);
			defaultConfigurationIsVisible = 0;
			defaultConfigurationName = Release;
		};
/* End XCConfigurationList section */
	};
	rootObject = 4E4A824A2494DF360021E7E5 /* Project object */;
}
